[[package]]
category = "main"
description = "Cross-platform colored terminal text."
name = "colorama"
optional = false
python-versions = ">=2.7, !=3.0.*, !=3.1.*, !=3.2.*, !=3.3.*, !=3.4.*"
version = "0.4.3"

[[package]]
category = "main"
description = "nose extends unittest to make testing easier"
name = "nose"
optional = false
python-versions = "*"
version = "1.3.7"

[[package]]
category = "main"
description = "Linux filesystem events monitoring"
name = "pyinotify"
optional = false
python-versions = "*"
version = "0.9.6"

[[package]]
category = "main"
description = "console colouring for python"
name = "python-termstyle"
optional = false
python-versions = "*"
version = "0.1.10"

[package.dependencies]
setuptools = "*"

[[package]]
category = "main"
description = "An automatic test runner. Supports nose out of the box."
name = "sniffer"
optional = false
python-versions = "*"
version = "0.4.1"

[package.dependencies]
colorama = "*"
nose = "*"
python-termstyle = "*"

[package.extras]
growl = ["gntp (0.7)"]
libnotify = ["py-notify (0.3.1)"]
linux = ["pyinotify (0.9.0)"]
osx = ["MacFSEvents (0.2.8)"]

[metadata]
content-hash = "754893ee211fe5225091656d5717bfdb926ffc295382410cdf2623edc3837a24"
python-versions = "^3.8"

[metadata.files]
colorama = [
    {file = "colorama-0.4.3-py2.py3-none-any.whl", hash = "sha256:7d73d2a99753107a36ac6b455ee49046802e59d9d076ef8e47b61499fa29afff"},
    {file = "colorama-0.4.3.tar.gz", hash = "sha256:e96da0d330793e2cb9485e9ddfd918d456036c7149416295932478192f4436a1"},
]
nose = [
    {file = "nose-1.3.7-py2-none-any.whl", hash = "sha256:dadcddc0aefbf99eea214e0f1232b94f2fa9bd98fa8353711dacb112bfcbbb2a"},
    {file = "nose-1.3.7-py3-none-any.whl", hash = "sha256:9ff7c6cc443f8c51994b34a667bbcf45afd6d945be7477b52e97516fd17c53ac"},
    {file = "nose-1.3.7.tar.gz", hash = "sha256:f1bffef9cbc82628f6e7d7b40d7e255aefaa1adb6a1b1d26c69a8b79e6208a98"},
]
pyinotify = [
    {file = "pyinotify-0.9.6.tar.gz", hash = "sha256:9c998a5d7606ca835065cdabc013ae6c66eb9ea76a00a1e3bc6e0cfe2b4f71f4"},
]
python-termstyle = [
    {file = "python-termstyle-0.1.10.tar.gz", hash = "sha256:f42a6bb16fbfc5e2c66d553e7ad46524ea833872f75ee5d827c15115fafc94e2"},
    {file = "python-termstyle-0.1.10.tgz", hash = "sha256:6faf42ba42f2826c38cf70dacb3ac51f248a418e48afc0e36593df11cf3ab1d2"},
]
sniffer = [
    {file = "sniffer-0.4.1-py2.py3-none-any.whl", hash = "sha256:f120843fe152d0e380402fc11313b151e2044c47fdd36895de2efedc8624dbb8"},
    {file = "sniffer-0.4.1.tar.gz", hash = "sha256:b37665053fb83d7790bf9e51d616c11970863d14b5ea5a51155a4e95759d1529"},
]
